
Microsoft Visual Studio Solution File, Format Version 12.00
# Visual Studio Version 17
VisualStudioVersion = 17.2.32526.322
MinimumVisualStudioVersion = 10.0.40219.1
Project("{8BC9CEB8-8B4A-11D0-8D11-00A0C91BC942}") = "LearnOpenCV", "LearnOpenCV\LearnOpenCV.vcxproj", "{63935650-BF34-45FF-A89F-C891E2E775BA}"
EndProject
Project("{8BC9CEB8-8B4A-11D0-8D11-00A0C91BC942}") = "freetype", "LearnOpenCV\libraries\freetype-2.13.0\builds\windows\vc2010\freetype.vcxproj", "{78B079BD-9FC7-4B9E-B4A6-96DA0F00248B}"
EndProject
Global
	GlobalSection(SolutionConfigurationPlatforms) = preSolution
		Debug Static|ARM64 = Debug Static|ARM64
		Debug Static|x64 = Debug Static|x64
		Debug Static|x86 = Debug Static|x86
		Debug|ARM64 = Debug|ARM64
		Debug|x64 = Debug|x64
		Debug|x86 = Debug|x86
		MinSizeRel|ARM64 = MinSizeRel|ARM64
		MinSizeRel|x64 = MinSizeRel|x64
		MinSizeRel|x86 = MinSizeRel|x86
		Release Static|ARM64 = Release Static|ARM64
		Release Static|x64 = Release Static|x64
		Release Static|x86 = Release Static|x86
		Release|ARM64 = Release|ARM64
		Release|x64 = Release|x64
		Release|x86 = Release|x86
		RelWithDebInfo|ARM64 = RelWithDebInfo|ARM64
		RelWithDebInfo|x64 = RelWithDebInfo|x64
		RelWithDebInfo|x86 = RelWithDebInfo|x86
	EndGlobalSection
	GlobalSection(ProjectConfigurationPlatforms) = postSolution
		{63935650-BF34-45FF-A89F-C891E2E775BA}.Debug Static|ARM64.ActiveCfg = Debug|x64
		{63935650-BF34-45FF-A89F-C891E2E775BA}.Debug Static|ARM64.Build.0 = Debug|x64
		{63935650-BF34-45FF-A89F-C891E2E775BA}.Debug Static|x64.ActiveCfg = Debug|x64
		{63935650-BF34-45FF-A89F-C891E2E775BA}.Debug Static|x64.Build.0 = Debug|x64
		{63935650-BF34-45FF-A89F-C891E2E775BA}.Debug Static|x86.ActiveCfg = Debug|Win32
		{63935650-BF34-45FF-A89F-C891E2E775BA}.Debug Static|x86.Build.0 = Debug|Win32
		{63935650-BF34-45FF-A89F-C891E2E775BA}.Debug|ARM64.ActiveCfg = Debug|x64
		{63935650-BF34-45FF-A89F-C891E2E775BA}.Debug|ARM64.Build.0 = Debug|x64
		{63935650-BF34-45FF-A89F-C891E2E775BA}.Debug|x64.ActiveCfg = Debug|x64
		{63935650-BF34-45FF-A89F-C891E2E775BA}.Debug|x64.Build.0 = Debug|x64
		{63935650-BF34-45FF-A89F-C891E2E775BA}.Debug|x86.ActiveCfg = Debug|Win32
		{63935650-BF34-45FF-A89F-C891E2E775BA}.Debug|x86.Build.0 = Debug|Win32
		{63935650-BF34-45FF-A89F-C891E2E775BA}.MinSizeRel|ARM64.ActiveCfg = Release|x64
		{63935650-BF34-45FF-A89F-C891E2E775BA}.MinSizeRel|ARM64.Build.0 = Release|x64
		{63935650-BF34-45FF-A89F-C891E2E775BA}.MinSizeRel|x64.ActiveCfg = Release|x64
		{63935650-BF34-45FF-A89F-C891E2E775BA}.MinSizeRel|x64.Build.0 = Release|x64
		{63935650-BF34-45FF-A89F-C891E2E775BA}.MinSizeRel|x86.ActiveCfg = Release|Win32
		{63935650-BF34-45FF-A89F-C891E2E775BA}.MinSizeRel|x86.Build.0 = Release|Win32
		{63935650-BF34-45FF-A89F-C891E2E775BA}.Release Static|ARM64.ActiveCfg = Release|x64
		{63935650-BF34-45FF-A89F-C891E2E775BA}.Release Static|ARM64.Build.0 = Release|x64
		{63935650-BF34-45FF-A89F-C891E2E775BA}.Release Static|x64.ActiveCfg = Release|x64
		{63935650-BF34-45FF-A89F-C891E2E775BA}.Release Static|x64.Build.0 = Release|x64
		{63935650-BF34-45FF-A89F-C891E2E775BA}.Release Static|x86.ActiveCfg = Release|Win32
		{63935650-BF34-45FF-A89F-C891E2E775BA}.Release Static|x86.Build.0 = Release|Win32
		{63935650-BF34-45FF-A89F-C891E2E775BA}.Release|ARM64.ActiveCfg = Release|x64
		{63935650-BF34-45FF-A89F-C891E2E775BA}.Release|ARM64.Build.0 = Release|x64
		{63935650-BF34-45FF-A89F-C891E2E775BA}.Release|x64.ActiveCfg = Release|x64
		{63935650-BF34-45FF-A89F-C891E2E775BA}.Release|x64.Build.0 = Release|x64
		{63935650-BF34-45FF-A89F-C891E2E775BA}.Release|x86.ActiveCfg = Release|Win32
		{63935650-BF34-45FF-A89F-C891E2E775BA}.Release|x86.Build.0 = Release|Win32
		{63935650-BF34-45FF-A89F-C891E2E775BA}.RelWithDebInfo|ARM64.ActiveCfg = Release|x64
		{63935650-BF34-45FF-A89F-C891E2E775BA}.RelWithDebInfo|ARM64.Build.0 = Release|x64
		{63935650-BF34-45FF-A89F-C891E2E775BA}.RelWithDebInfo|x64.ActiveCfg = Release|x64
		{63935650-BF34-45FF-A89F-C891E2E775BA}.RelWithDebInfo|x64.Build.0 = Release|x64
		{63935650-BF34-45FF-A89F-C891E2E775BA}.RelWithDebInfo|x86.ActiveCfg = Release|Win32
		{63935650-BF34-45FF-A89F-C891E2E775BA}.RelWithDebInfo|x86.Build.0 = Release|Win32
		{78B079BD-9FC7-4B9E-B4A6-96DA0F00248B}.Debug Static|ARM64.ActiveCfg = Debug Static|ARM64
		{78B079BD-9FC7-4B9E-B4A6-96DA0F00248B}.Debug Static|ARM64.Build.0 = Debug Static|ARM64
		{78B079BD-9FC7-4B9E-B4A6-96DA0F00248B}.Debug Static|x64.ActiveCfg = Debug Static|x64
		{78B079BD-9FC7-4B9E-B4A6-96DA0F00248B}.Debug Static|x64.Build.0 = Debug Static|x64
		{78B079BD-9FC7-4B9E-B4A6-96DA0F00248B}.Debug Static|x86.ActiveCfg = Debug Static|Win32
		{78B079BD-9FC7-4B9E-B4A6-96DA0F00248B}.Debug Static|x86.Build.0 = Debug Static|Win32
		{78B079BD-9FC7-4B9E-B4A6-96DA0F00248B}.Debug|ARM64.ActiveCfg = Debug|ARM64
		{78B079BD-9FC7-4B9E-B4A6-96DA0F00248B}.Debug|ARM64.Build.0 = Debug|ARM64
		{78B079BD-9FC7-4B9E-B4A6-96DA0F00248B}.Debug|x64.ActiveCfg = Debug|x64
		{78B079BD-9FC7-4B9E-B4A6-96DA0F00248B}.Debug|x64.Build.0 = Debug|x64
		{78B079BD-9FC7-4B9E-B4A6-96DA0F00248B}.Debug|x86.ActiveCfg = Debug|Win32
		{78B079BD-9FC7-4B9E-B4A6-96DA0F00248B}.Debug|x86.Build.0 = Debug|Win32
		{78B079BD-9FC7-4B9E-B4A6-96DA0F00248B}.MinSizeRel|ARM64.ActiveCfg = Release Static|ARM64
		{78B079BD-9FC7-4B9E-B4A6-96DA0F00248B}.MinSizeRel|ARM64.Build.0 = Release Static|ARM64
		{78B079BD-9FC7-4B9E-B4A6-96DA0F00248B}.MinSizeRel|x64.ActiveCfg = Release Static|x64
		{78B079BD-9FC7-4B9E-B4A6-96DA0F00248B}.MinSizeRel|x64.Build.0 = Release Static|x64
		{78B079BD-9FC7-4B9E-B4A6-96DA0F00248B}.MinSizeRel|x86.ActiveCfg = Debug|Win32
		{78B079BD-9FC7-4B9E-B4A6-96DA0F00248B}.MinSizeRel|x86.Build.0 = Debug|Win32
		{78B079BD-9FC7-4B9E-B4A6-96DA0F00248B}.Release Static|ARM64.ActiveCfg = Release Static|ARM64
		{78B079BD-9FC7-4B9E-B4A6-96DA0F00248B}.Release Static|ARM64.Build.0 = Release Static|ARM64
		{78B079BD-9FC7-4B9E-B4A6-96DA0F00248B}.Release Static|x64.ActiveCfg = Release Static|x64
		{78B079BD-9FC7-4B9E-B4A6-96DA0F00248B}.Release Static|x64.Build.0 = Release Static|x64
		{78B079BD-9FC7-4B9E-B4A6-96DA0F00248B}.Release Static|x86.ActiveCfg = Release Static|Win32
		{78B079BD-9FC7-4B9E-B4A6-96DA0F00248B}.Release Static|x86.Build.0 = Release Static|Win32
		{78B079BD-9FC7-4B9E-B4A6-96DA0F00248B}.Release|ARM64.ActiveCfg = Release|ARM64
		{78B079BD-9FC7-4B9E-B4A6-96DA0F00248B}.Release|ARM64.Build.0 = Release|ARM64
		{78B079BD-9FC7-4B9E-B4A6-96DA0F00248B}.Release|x64.ActiveCfg = Release|x64
		{78B079BD-9FC7-4B9E-B4A6-96DA0F00248B}.Release|x64.Build.0 = Release|x64
		{78B079BD-9FC7-4B9E-B4A6-96DA0F00248B}.Release|x86.ActiveCfg = Release|Win32
		{78B079BD-9FC7-4B9E-B4A6-96DA0F00248B}.Release|x86.Build.0 = Release|Win32
		{78B079BD-9FC7-4B9E-B4A6-96DA0F00248B}.RelWithDebInfo|ARM64.ActiveCfg = Release Static|ARM64
		{78B079BD-9FC7-4B9E-B4A6-96DA0F00248B}.RelWithDebInfo|ARM64.Build.0 = Release Static|ARM64
		{78B079BD-9FC7-4B9E-B4A6-96DA0F00248B}.RelWithDebInfo|x64.ActiveCfg = Release Static|x64
		{78B079BD-9FC7-4B9E-B4A6-96DA0F00248B}.RelWithDebInfo|x64.Build.0 = Release Static|x64
		{78B079BD-9FC7-4B9E-B4A6-96DA0F00248B}.RelWithDebInfo|x86.ActiveCfg = Release Static|Win32
		{78B079BD-9FC7-4B9E-B4A6-96DA0F00248B}.RelWithDebInfo|x86.Build.0 = Release Static|Win32
	EndGlobalSection
	GlobalSection(SolutionProperties) = preSolution
		HideSolutionNode = FALSE
	EndGlobalSection
	GlobalSection(ExtensibilityGlobals) = postSolution
		SolutionGuid = {BF99884B-A800-4EF1-B1BA-55DE807E4746}
	EndGlobalSection
EndGlobal
