<?xml version="1.0" encoding="utf-8"?>
<Project ToolsVersion="4.0" xmlns="http://schemas.microsoft.com/developer/msbuild/2003">
  <ItemGroup>
    <Filter Include="源文件">
      <UniqueIdentifier>{4FC737F1-C7A5-4376-A066-2A32D752A2FF}</UniqueIdentifier>
      <Extensions>cpp;c;cc;cxx;c++;cppm;ixx;def;odl;idl;hpj;bat;asm;asmx</Extensions>
    </Filter>
    <Filter Include="头文件">
      <UniqueIdentifier>{93995380-89BD-4b04-88EB-625FBE52EBFB}</UniqueIdentifier>
      <Extensions>h;hh;hpp;hxx;h++;hm;inl;inc;ipp;xsd</Extensions>
    </Filter>
    <Filter Include="资源文件">
      <UniqueIdentifier>{67DA6AB6-F800-4c08-8B7A-83BB121AAD01}</UniqueIdentifier>
      <Extensions>rc;ico;cur;bmp;dlg;rc2;rct;bin;rgs;gif;jpg;jpeg;jpe;resx;tiff;tif;png;wav;mfcribbon-ms</Extensions>
    </Filter>
    <Filter Include="math">
      <UniqueIdentifier>{ac8fa5be-58d6-4400-9c99-acacbcb264af}</UniqueIdentifier>
    </Filter>
    <Filter Include="core">
      <UniqueIdentifier>{ff9be8cb-c535-4657-a2ab-4002f5e0d5cb}</UniqueIdentifier>
    </Filter>
    <Filter Include="render">
      <UniqueIdentifier>{b35c5ed8-e75f-43e5-8b2d-f095af605cc1}</UniqueIdentifier>
    </Filter>
    <Filter Include="opengl">
      <UniqueIdentifier>{c0126642-4495-45dd-8035-67f456c5ca11}</UniqueIdentifier>
    </Filter>
    <Filter Include="file">
      <UniqueIdentifier>{ad340aa4-78b2-4156-8963-d2e8300c99f1}</UniqueIdentifier>
    </Filter>
    <Filter Include="meshModel">
      <UniqueIdentifier>{1609111a-825e-4ed2-9678-6973492a647f}</UniqueIdentifier>
    </Filter>
    <Filter Include="input">
      <UniqueIdentifier>{cf1dc046-8aac-42df-8cff-7607040ed564}</UniqueIdentifier>
    </Filter>
    <Filter Include="logic">
      <UniqueIdentifier>{3e8bcdb4-644c-49e7-b03f-b082676c6d03}</UniqueIdentifier>
    </Filter>
    <Filter Include="logic\renderQueue">
      <UniqueIdentifier>{d76eedc9-cc8b-48eb-93b2-cc08586a55b7}</UniqueIdentifier>
    </Filter>
    <Filter Include="ui">
      <UniqueIdentifier>{273eac8c-d494-4e9b-a923-debfdfd24b85}</UniqueIdentifier>
    </Filter>
    <Filter Include="event">
      <UniqueIdentifier>{7b226b3e-0118-4601-b6d0-b12573142f67}</UniqueIdentifier>
    </Filter>
  </ItemGroup>
  <ItemGroup>
    <ClInclude Include="LearnOpenCV.h">
      <Filter>头文件</Filter>
    </ClInclude>
    <ClInclude Include="Main.h">
      <Filter>头文件</Filter>
    </ClInclude>
    <ClInclude Include="Core\Component.h">
      <Filter>core</Filter>
    </ClInclude>
    <ClInclude Include="Core\Object.h">
      <Filter>core</Filter>
    </ClInclude>
    <ClInclude Include="Core\ObjectManager.h">
      <Filter>core</Filter>
    </ClInclude>
    <ClInclude Include="Core\Transform.h">
      <Filter>core</Filter>
    </ClInclude>
    <ClInclude Include="Core\Core.h">
      <Filter>core</Filter>
    </ClInclude>
    <ClInclude Include="Core\CoreDef.h">
      <Filter>core</Filter>
    </ClInclude>
    <ClInclude Include="Core\TypeDef.h">
      <Filter>core</Filter>
    </ClInclude>
    <ClInclude Include="math\Math.h">
      <Filter>math</Filter>
    </ClInclude>
    <ClInclude Include="math\Matrix4.h">
      <Filter>math</Filter>
    </ClInclude>
    <ClInclude Include="math\Vector3.h">
      <Filter>math</Filter>
    </ClInclude>
    <ClInclude Include="Core\Scene.h">
      <Filter>core</Filter>
    </ClInclude>
    <ClInclude Include="Core\Camera.h">
      <Filter>core</Filter>
    </ClInclude>
    <ClInclude Include="math\Triangle.h">
      <Filter>math</Filter>
    </ClInclude>
    <ClInclude Include="Core\Model.h">
      <Filter>core</Filter>
    </ClInclude>
    <ClInclude Include="math\Base.h">
      <Filter>math</Filter>
    </ClInclude>
    <ClInclude Include="Core\TestComponent.h">
      <Filter>core</Filter>
    </ClInclude>
    <ClInclude Include="math\Vector4.h">
      <Filter>math</Filter>
    </ClInclude>
    <ClInclude Include="render\RenderMain.h">
      <Filter>render</Filter>
    </ClInclude>
    <ClInclude Include="math\Vector2.h">
      <Filter>math</Filter>
    </ClInclude>
    <ClInclude Include="math\Vector1.h">
      <Filter>math</Filter>
    </ClInclude>
    <ClInclude Include="render\Material.h">
      <Filter>render</Filter>
    </ClInclude>
    <ClInclude Include="render\RenderQueue.h">
      <Filter>render</Filter>
    </ClInclude>
    <ClInclude Include="render\ShaderProgram.h">
      <Filter>render</Filter>
    </ClInclude>
    <ClInclude Include="opengl\OpenGLMain.h">
      <Filter>opengl</Filter>
    </ClInclude>
    <ClInclude Include="opengl\OpenGLCore.h">
      <Filter>opengl</Filter>
    </ClInclude>
    <ClInclude Include="render\RenderMesh.h">
      <Filter>render</Filter>
    </ClInclude>
    <ClInclude Include="opengl\RenderGLQueue.h">
      <Filter>opengl</Filter>
    </ClInclude>
    <ClInclude Include="opengl\MaterialGL.h">
      <Filter>opengl</Filter>
    </ClInclude>
    <ClInclude Include="file\FilePathManager.h">
      <Filter>file</Filter>
    </ClInclude>
    <ClInclude Include="file\Image.h">
      <Filter>file</Filter>
    </ClInclude>
    <ClInclude Include="file\ImageLoad.h">
      <Filter>file</Filter>
    </ClInclude>
    <ClInclude Include="file\stb_image.h">
      <Filter>file</Filter>
    </ClInclude>
    <ClInclude Include="Core\Game.h">
      <Filter>core</Filter>
    </ClInclude>
    <ClInclude Include="Core\SceneManager.h">
      <Filter>core</Filter>
    </ClInclude>
    <ClInclude Include="opengl\GLShader.h">
      <Filter>opengl</Filter>
    </ClInclude>
    <ClInclude Include="opengl\ShaderGLProgram.h">
      <Filter>opengl</Filter>
    </ClInclude>
    <ClInclude Include="opengl\GLShaderManager.h">
      <Filter>opengl</Filter>
    </ClInclude>
    <ClInclude Include="math\Vector2T.h">
      <Filter>math</Filter>
    </ClInclude>
    <ClInclude Include="meshModel\AMesh.h">
      <Filter>meshModel</Filter>
    </ClInclude>
    <ClInclude Include="meshModel\AModel.h">
      <Filter>meshModel</Filter>
    </ClInclude>
    <ClInclude Include="render\Texture.h">
      <Filter>render</Filter>
    </ClInclude>
    <ClInclude Include="input\Input.h">
      <Filter>input</Filter>
    </ClInclude>
    <ClInclude Include="Core\CameraMoveComponent.h">
      <Filter>core</Filter>
    </ClInclude>
    <ClInclude Include="render\BlendFunc.h">
      <Filter>render</Filter>
    </ClInclude>
    <ClInclude Include="logic\renderQueue\RenderOpaqueQueue.h">
      <Filter>logic\renderQueue</Filter>
    </ClInclude>
    <ClInclude Include="math\Quaternion.h">
      <Filter>math</Filter>
    </ClInclude>
    <ClInclude Include="Core\CameraManager.h">
      <Filter>core</Filter>
    </ClInclude>
    <ClInclude Include="render\RenderStage.h">
      <Filter>render</Filter>
    </ClInclude>
    <ClInclude Include="render\RenderScene.h">
      <Filter>render</Filter>
    </ClInclude>
    <ClInclude Include="math\Matrix3.h">
      <Filter>math</Filter>
    </ClInclude>
    <ClInclude Include="math\Obb.h">
      <Filter>math</Filter>
    </ClInclude>
    <ClInclude Include="math\AABB.h">
      <Filter>math</Filter>
    </ClInclude>
    <ClInclude Include="Core\DirLight.h">
      <Filter>core</Filter>
    </ClInclude>
    <ClInclude Include="render\RenderLight.h">
      <Filter>render</Filter>
    </ClInclude>
    <ClInclude Include="file\stb_image_write.h">
      <Filter>file</Filter>
    </ClInclude>
    <ClInclude Include="ui\UITransform.h">
      <Filter>ui</Filter>
    </ClInclude>
    <ClInclude Include="Core\SkyBox.h">
      <Filter>core</Filter>
    </ClInclude>
    <ClInclude Include="render\RenderSkyBox.h">
      <Filter>render</Filter>
    </ClInclude>
    <ClInclude Include="event\Event.h">
      <Filter>event</Filter>
    </ClInclude>
    <ClInclude Include="event\EventCustom.h">
      <Filter>event</Filter>
    </ClInclude>
    <ClInclude Include="event\EventDispatcher.h">
      <Filter>event</Filter>
    </ClInclude>
    <ClInclude Include="event\EventListener.h">
      <Filter>event</Filter>
    </ClInclude>
    <ClInclude Include="event\EventListenerCustom.h">
      <Filter>event</Filter>
    </ClInclude>
    <ClInclude Include="event\EventListenerFocus.h">
      <Filter>event</Filter>
    </ClInclude>
    <ClInclude Include="event\EventListenerKeyboard.h">
      <Filter>event</Filter>
    </ClInclude>
    <ClInclude Include="event\EventListenerMouse.h">
      <Filter>event</Filter>
    </ClInclude>
    <ClInclude Include="event\EventListenerTouch.h">
      <Filter>event</Filter>
    </ClInclude>
    <ClInclude Include="event\EventFocus.h">
      <Filter>event</Filter>
    </ClInclude>
    <ClInclude Include="event\EventKeyboard.h">
      <Filter>event</Filter>
    </ClInclude>
    <ClInclude Include="event\EventMouse.h">
      <Filter>event</Filter>
    </ClInclude>
    <ClInclude Include="event\EventTouch.h">
      <Filter>event</Filter>
    </ClInclude>
    <ClInclude Include="Core\Ref.h">
      <Filter>core</Filter>
    </ClInclude>
    <ClInclude Include="Core\AutoreleasePool.h">
      <Filter>core</Filter>
    </ClInclude>
    <ClInclude Include="Core\TreeNode.h">
      <Filter>core</Filter>
    </ClInclude>
    <ClInclude Include="ui\UICanvas.h">
      <Filter>ui</Filter>
    </ClInclude>
    <ClInclude Include="Core\GlobalDictionary.h">
      <Filter>core</Filter>
    </ClInclude>
    <ClInclude Include="math\UVector2.h">
      <Filter>math</Filter>
    </ClInclude>
    <ClInclude Include="ui\UIImage.h">
      <Filter>ui</Filter>
    </ClInclude>
    <ClInclude Include="render\RenderUIQueue.h">
      <Filter>render</Filter>
    </ClInclude>
  </ItemGroup>
  <ItemGroup>
    <ClCompile Include="LearnOpenCV.cpp">
      <Filter>源文件</Filter>
    </ClCompile>
    <ClCompile Include="Main.cpp">
      <Filter>源文件</Filter>
    </ClCompile>
    <ClCompile Include="Core\Component.cpp">
      <Filter>core</Filter>
    </ClCompile>
    <ClCompile Include="Core\Object.cpp">
      <Filter>core</Filter>
    </ClCompile>
    <ClCompile Include="Core\ObjectManager.cpp">
      <Filter>core</Filter>
    </ClCompile>
    <ClCompile Include="Core\Transform.cpp">
      <Filter>core</Filter>
    </ClCompile>
    <ClCompile Include="Core\Core.cpp">
      <Filter>core</Filter>
    </ClCompile>
    <ClCompile Include="math\Math.cpp">
      <Filter>math</Filter>
    </ClCompile>
    <ClCompile Include="math\Matrix4.cpp">
      <Filter>math</Filter>
    </ClCompile>
    <ClCompile Include="math\Vector3.cpp">
      <Filter>math</Filter>
    </ClCompile>
    <ClCompile Include="Core\Scene.cpp">
      <Filter>core</Filter>
    </ClCompile>
    <ClCompile Include="Core\Camera.cpp">
      <Filter>core</Filter>
    </ClCompile>
    <ClCompile Include="math\Triangle.cpp">
      <Filter>math</Filter>
    </ClCompile>
    <ClCompile Include="Core\Model.cpp">
      <Filter>core</Filter>
    </ClCompile>
    <ClCompile Include="math\Base.cpp">
      <Filter>math</Filter>
    </ClCompile>
    <ClCompile Include="Core\TestComponent.cpp">
      <Filter>core</Filter>
    </ClCompile>
    <ClCompile Include="math\Vector4.cpp">
      <Filter>math</Filter>
    </ClCompile>
    <ClCompile Include="render\RenderMain.cpp">
      <Filter>render</Filter>
    </ClCompile>
    <ClCompile Include="math\Vector2.cpp">
      <Filter>math</Filter>
    </ClCompile>
    <ClCompile Include="math\Vector1.cpp">
      <Filter>math</Filter>
    </ClCompile>
    <ClCompile Include="render\Material.cpp">
      <Filter>render</Filter>
    </ClCompile>
    <ClCompile Include="render\RenderQueue.cpp">
      <Filter>render</Filter>
    </ClCompile>
    <ClCompile Include="render\ShaderProgram.cpp">
      <Filter>render</Filter>
    </ClCompile>
    <ClCompile Include="opengl\OpenGLMain.cpp">
      <Filter>opengl</Filter>
    </ClCompile>
    <ClCompile Include="opengl\OpenGLCore.cpp">
      <Filter>opengl</Filter>
    </ClCompile>
    <ClCompile Include="render\RenderMesh.cpp">
      <Filter>render</Filter>
    </ClCompile>
    <ClCompile Include="opengl\RenderGLQueue.cpp">
      <Filter>opengl</Filter>
    </ClCompile>
    <ClCompile Include="opengl\MaterialGL.cpp">
      <Filter>opengl</Filter>
    </ClCompile>
    <ClCompile Include="file\FilePathManager.cpp">
      <Filter>file</Filter>
    </ClCompile>
    <ClCompile Include="file\Image.cpp">
      <Filter>file</Filter>
    </ClCompile>
    <ClCompile Include="file\ImageLoad.cpp">
      <Filter>file</Filter>
    </ClCompile>
    <ClCompile Include="Core\Game.cpp">
      <Filter>core</Filter>
    </ClCompile>
    <ClCompile Include="Core\SceneManager.cpp">
      <Filter>core</Filter>
    </ClCompile>
    <ClCompile Include="opengl\GLShader.cpp">
      <Filter>opengl</Filter>
    </ClCompile>
    <ClCompile Include="opengl\ShaderGLProgram.cpp">
      <Filter>opengl</Filter>
    </ClCompile>
    <ClCompile Include="opengl\GLShaderManager.cpp">
      <Filter>opengl</Filter>
    </ClCompile>
    <ClCompile Include="math\Vector2T.cpp">
      <Filter>math</Filter>
    </ClCompile>
    <ClCompile Include="meshModel\AMesh.cpp">
      <Filter>meshModel</Filter>
    </ClCompile>
    <ClCompile Include="meshModel\AModel.cpp">
      <Filter>meshModel</Filter>
    </ClCompile>
    <ClCompile Include="render\Texture.cpp">
      <Filter>render</Filter>
    </ClCompile>
    <ClCompile Include="input\Input.cpp">
      <Filter>input</Filter>
    </ClCompile>
    <ClCompile Include="Core\CameraMoveComponent.cpp">
      <Filter>core</Filter>
    </ClCompile>
    <ClCompile Include="render\BlendFunc.cpp">
      <Filter>render</Filter>
    </ClCompile>
    <ClCompile Include="logic\renderQueue\RenderOpaqueQueue.cpp">
      <Filter>logic\renderQueue</Filter>
    </ClCompile>
    <ClCompile Include="math\Quaternion.cpp">
      <Filter>math</Filter>
    </ClCompile>
    <ClCompile Include="Core\CameraManager.cpp">
      <Filter>core</Filter>
    </ClCompile>
    <ClCompile Include="render\RenderStage.cpp">
      <Filter>render</Filter>
    </ClCompile>
    <ClCompile Include="render\RenderScene.cpp">
      <Filter>render</Filter>
    </ClCompile>
    <ClCompile Include="math\Matrix3.cpp">
      <Filter>math</Filter>
    </ClCompile>
    <ClCompile Include="math\Obb.cpp">
      <Filter>math</Filter>
    </ClCompile>
    <ClCompile Include="math\AABB.cpp">
      <Filter>math</Filter>
    </ClCompile>
    <ClCompile Include="Core\DirLight.cpp">
      <Filter>core</Filter>
    </ClCompile>
    <ClCompile Include="render\RenderLight.cpp">
      <Filter>render</Filter>
    </ClCompile>
    <ClCompile Include="ui\UITransform.cpp">
      <Filter>ui</Filter>
    </ClCompile>
    <ClCompile Include="Core\SkyBox.cpp">
      <Filter>core</Filter>
    </ClCompile>
    <ClCompile Include="render\RenderSkyBox.cpp">
      <Filter>render</Filter>
    </ClCompile>
    <ClCompile Include="event\Event.cpp">
      <Filter>event</Filter>
    </ClCompile>
    <ClCompile Include="event\EventCustom.cpp">
      <Filter>event</Filter>
    </ClCompile>
    <ClCompile Include="event\EventDispatcher.cpp">
      <Filter>event</Filter>
    </ClCompile>
    <ClCompile Include="event\EventListener.cpp">
      <Filter>event</Filter>
    </ClCompile>
    <ClCompile Include="event\EventListenerCustom.cpp">
      <Filter>event</Filter>
    </ClCompile>
    <ClCompile Include="event\EventListenerFocus.cpp">
      <Filter>event</Filter>
    </ClCompile>
    <ClCompile Include="event\EventListenerKeyboard.cpp">
      <Filter>event</Filter>
    </ClCompile>
    <ClCompile Include="event\EventListenerMouse.cpp">
      <Filter>event</Filter>
    </ClCompile>
    <ClCompile Include="event\EventListenerTouch.cpp">
      <Filter>event</Filter>
    </ClCompile>
    <ClCompile Include="event\EventFocus.cpp">
      <Filter>event</Filter>
    </ClCompile>
    <ClCompile Include="event\EventKeyboard.cpp">
      <Filter>event</Filter>
    </ClCompile>
    <ClCompile Include="event\EventMouse.cpp">
      <Filter>event</Filter>
    </ClCompile>
    <ClCompile Include="event\EventTouch.cpp">
      <Filter>event</Filter>
    </ClCompile>
    <ClCompile Include="Core\Ref.cpp">
      <Filter>core</Filter>
    </ClCompile>
    <ClCompile Include="Core\AutoreleasePool.cpp">
      <Filter>core</Filter>
    </ClCompile>
    <ClCompile Include="Core\TreeNode.cpp">
      <Filter>core</Filter>
    </ClCompile>
    <ClCompile Include="ui\UICanvas.cpp">
      <Filter>ui</Filter>
    </ClCompile>
    <ClCompile Include="Core\GlobalDictionary.cpp">
      <Filter>core</Filter>
    </ClCompile>
    <ClCompile Include="math\UVector2.cpp">
      <Filter>math</Filter>
    </ClCompile>
    <ClCompile Include="ui\UIImage.cpp">
      <Filter>ui</Filter>
    </ClCompile>
    <ClCompile Include="render\RenderUIQueue.cpp">
      <Filter>render</Filter>
    </ClCompile>
  </ItemGroup>
  <ItemGroup>
    <None Include="packages.config" />
  </ItemGroup>
</Project>