<?xml version="1.0" encoding="utf-8"?>
<Project ToolsVersion="4.0" xmlns="http://schemas.microsoft.com/developer/msbuild/2003">
  <ItemGroup>
    <Filter Include="源文件">
      <UniqueIdentifier>{4FC737F1-C7A5-4376-A066-2A32D752A2FF}</UniqueIdentifier>
      <Extensions>cpp;c;cc;cxx;c++;cppm;ixx;def;odl;idl;hpj;bat;asm;asmx</Extensions>
    </Filter>
    <Filter Include="头文件">
      <UniqueIdentifier>{93995380-89BD-4b04-88EB-625FBE52EBFB}</UniqueIdentifier>
      <Extensions>h;hh;hpp;hxx;h++;hm;inl;inc;ipp;xsd</Extensions>
    </Filter>
    <Filter Include="资源文件">
      <UniqueIdentifier>{67DA6AB6-F800-4c08-8B7A-83BB121AAD01}</UniqueIdentifier>
      <Extensions>rc;ico;cur;bmp;dlg;rc2;rct;bin;rgs;gif;jpg;jpeg;jpe;resx;tiff;tif;png;wav;mfcribbon-ms</Extensions>
    </Filter>
    <Filter Include="math">
      <UniqueIdentifier>{ac8fa5be-58d6-4400-9c99-acacbcb264af}</UniqueIdentifier>
    </Filter>
    <Filter Include="core">
      <UniqueIdentifier>{ff9be8cb-c535-4657-a2ab-4002f5e0d5cb}</UniqueIdentifier>
    </Filter>
    <Filter Include="render">
      <UniqueIdentifier>{b35c5ed8-e75f-43e5-8b2d-f095af605cc1}</UniqueIdentifier>
    </Filter>
  </ItemGroup>
  <ItemGroup>
    <ClInclude Include="LearnOpenCV.h">
      <Filter>头文件</Filter>
    </ClInclude>
    <ClInclude Include="Main.h">
      <Filter>头文件</Filter>
    </ClInclude>
    <ClInclude Include="Core\Component.h">
      <Filter>core</Filter>
    </ClInclude>
    <ClInclude Include="Core\Object.h">
      <Filter>core</Filter>
    </ClInclude>
    <ClInclude Include="Core\ObjectManager.h">
      <Filter>core</Filter>
    </ClInclude>
    <ClInclude Include="Core\Transform.h">
      <Filter>core</Filter>
    </ClInclude>
    <ClInclude Include="Core\Core.h">
      <Filter>core</Filter>
    </ClInclude>
    <ClInclude Include="Core\CoreDef.h">
      <Filter>core</Filter>
    </ClInclude>
    <ClInclude Include="Core\TypeDef.h">
      <Filter>core</Filter>
    </ClInclude>
    <ClInclude Include="math\Math.h">
      <Filter>math</Filter>
    </ClInclude>
    <ClInclude Include="math\Matrix4.h">
      <Filter>math</Filter>
    </ClInclude>
    <ClInclude Include="math\Vector3.h">
      <Filter>math</Filter>
    </ClInclude>
    <ClInclude Include="math\Vector4.h">
      <Filter>math</Filter>
    </ClInclude>
    <ClInclude Include="render\RenderBuffer.h">
      <Filter>render</Filter>
    </ClInclude>
  </ItemGroup>
  <ItemGroup>
    <ClCompile Include="LearnOpenCV.cpp">
      <Filter>源文件</Filter>
    </ClCompile>
    <ClCompile Include="Main.cpp">
      <Filter>源文件</Filter>
    </ClCompile>
    <ClCompile Include="Core\Component.cpp">
      <Filter>core</Filter>
    </ClCompile>
    <ClCompile Include="Core\Object.cpp">
      <Filter>core</Filter>
    </ClCompile>
    <ClCompile Include="Core\ObjectManager.cpp">
      <Filter>core</Filter>
    </ClCompile>
    <ClCompile Include="Core\Transform.cpp">
      <Filter>core</Filter>
    </ClCompile>
    <ClCompile Include="Core\Core.cpp">
      <Filter>core</Filter>
    </ClCompile>
    <ClCompile Include="math\Math.cpp">
      <Filter>math</Filter>
    </ClCompile>
    <ClCompile Include="math\Matrix4.cpp">
      <Filter>math</Filter>
    </ClCompile>
    <ClCompile Include="math\Vector3.cpp">
      <Filter>math</Filter>
    </ClCompile>
    <ClCompile Include="math\Vector4.cpp">
      <Filter>math</Filter>
    </ClCompile>
    <ClCompile Include="render\RenderBuffer.cpp">
      <Filter>render</Filter>
    </ClCompile>
  </ItemGroup>
</Project>