<?xml version="1.0" encoding="utf-8"?>
<Project ToolsVersion="17.0" xmlns="http://schemas.microsoft.com/developer/msbuild/2003">
  <ItemGroup>
    <CustomBuild Include="D:\assimp\CMakeFiles\e79d6360379886cefb927d43552e6618\INSTALL_force.rule">
      <Filter>CMake Rules</Filter>
    </CustomBuild>
  </ItemGroup>
  <ItemGroup>
    <Filter Include="CMake Rules">
      <UniqueIdentifier>{29FA0B43-0D2E-39FC-8048-46801E19F237}</UniqueIdentifier>
    </Filter>
  </ItemGroup>
</Project>
